
Microsoft Visual Studio Solution File, Format Version 12.00
# Visual Studio Version 17
VisualStudioVersion = 17.1.32228.430
MinimumVisualStudioVersion = 10.0.40219.1
Project("{8BC9CEB8-8B4A-11D0-8D11-00A0C91BC942}") = "ConsoleApplication117", "ConsoleApplication117\ConsoleApplication117.vcxproj", "{419B8679-AFE3-41C6-9E0F-6B131B3FC7CF}"
EndProject
Global
	GlobalSection(SolutionConfigurationPlatforms) = preSolution
		Debug|x64 = Debug|x64
		Debug|x86 = Debug|x86
		Release|x64 = Release|x64
		Release|x86 = Release|x86
	EndGlobalSection
	GlobalSection(ProjectConfigurationPlatforms) = postSolution
		{419B8679-AFE3-41C6-9E0F-6B131B3FC7CF}.Debug|x64.ActiveCfg = Debug|x64
		{419B8679-AFE3-41C6-9E0F-6B131B3FC7CF}.Debug|x64.Build.0 = Debug|x64
		{419B8679-AFE3-41C6-9E0F-6B131B3FC7CF}.Debug|x86.ActiveCfg = Debug|Win32
		{419B8679-AFE3-41C6-9E0F-6B131B3FC7CF}.Debug|x86.Build.0 = Debug|Win32
		{419B8679-AFE3-41C6-9E0F-6B131B3FC7CF}.Release|x64.ActiveCfg = Release|x64
		{419B8679-AFE3-41C6-9E0F-6B131B3FC7CF}.Release|x64.Build.0 = Release|x64
		{419B8679-AFE3-41C6-9E0F-6B131B3FC7CF}.Release|x86.ActiveCfg = Release|Win32
		{419B8679-AFE3-41C6-9E0F-6B131B3FC7CF}.Release|x86.Build.0 = Release|Win32
	EndGlobalSection
	GlobalSection(SolutionProperties) = preSolution
		HideSolutionNode = FALSE
	EndGlobalSection
	GlobalSection(ExtensibilityGlobals) = postSolution
		SolutionGuid = {E5204E11-0404-469C-8DF2-FE7AFDC78BA6}
	EndGlobalSection
EndGlobal
